// !$*UTF8*$!
{
	archiveVersion = 1;
	classes = {
	};
	objectVersion = 46;
	objects = {

/* Begin PBXBuildFile section */
		1793A0A91E1268490023554F /* main.m in Sources */ = {isa = PBXBuildFile; fileRef = 1793A0A81E1268490023554F /* main.m */; };
		1793A0AC1E1268490023554F /* AppDelegate.m in Sources */ = {isa = PBXBuildFile; fileRef = 1793A0AB1E1268490023554F /* AppDelegate.m */; };
		1793A0AF1E1268490023554F /* ViewController.m in Sources */ = {isa = PBXBuildFile; fileRef = 1793A0AE1E1268490023554F /* ViewController.m */; };
		1793A0B21E1268490023554F /* Main.storyboard in Resources */ = {isa = PBXBuildFile; fileRef = 1793A0B01E1268490023554F /* Main.storyboard */; };
		1793A0B41E1268490023554F /* Assets.xcassets in Resources */ = {isa = PBXBuildFile; fileRef = 1793A0B31E1268490023554F /* Assets.xcassets */; };
		1793A0B71E1268490023554F /* LaunchScreen.storyboard in Resources */ = {isa = PBXBuildFile; fileRef = 1793A0B51E1268490023554F /* LaunchScreen.storyboard */; };
		1793A0C21E1268490023554F /* WeexVueAppTests.m in Sources */ = {isa = PBXBuildFile; fileRef = 1793A0C11E1268490023554F /* WeexVueAppTests.m */; };
		1793A0CD1E1268490023554F /* WeexVueAppUITests.m in Sources */ = {isa = PBXBuildFile; fileRef = 1793A0CC1E1268490023554F /* WeexVueAppUITests.m */; };
		1793A0DE1E126DAC0023554F /* WXImgLoaderDefaultImpl.m in Sources */ = {isa = PBXBuildFile; fileRef = 1793A0DD1E126DAC0023554F /* WXImgLoaderDefaultImpl.m */; };
		1793A0E11E126E120023554F /* WXEventModule.m in Sources */ = {isa = PBXBuildFile; fileRef = 1793A0E01E126E120023554F /* WXEventModule.m */; };
		8C83609BB286C4FCD5175315 /* libPods-WeexVueApp.a in Frameworks */ = {isa = PBXBuildFile; fileRef = 8F6C382F627B0CA66B8E23E3 /* libPods-WeexVueApp.a */; };
		CA0F874B7E0A924AD3A25578 /* libPods-WeexVueAppUITests.a in Frameworks */ = {isa = PBXBuildFile; fileRef = 271C96930E4850DA4182A2FE /* libPods-WeexVueAppUITests.a */; };
/* End PBXBuildFile section */

/* Begin PBXContainerItemProxy section */
		1793A0BE1E1268490023554F /* PBXContainerItemProxy */ = {
			isa = PBXContainerItemProxy;
			containerPortal = 1793A09C1E1268480023554F /* Project object */;
			proxyType = 1;
			remoteGlobalIDString = 1793A0A31E1268480023554F;
			remoteInfo = WeexVueApp;
		};
		1793A0C91E1268490023554F /* PBXContainerItemProxy */ = {
			isa = PBXContainerItemProxy;
			containerPortal = 1793A09C1E1268480023554F /* Project object */;
			proxyType = 1;
			remoteGlobalIDString = 1793A0A31E1268480023554F;
			remoteInfo = WeexVueApp;
		};
/* End PBXContainerItemProxy section */

/* Begin PBXFileReference section */
		081DEDCA65FE6A31A15223E9 /* Pods-WeexVueApp.debug.xcconfig */ = {isa = PBXFileReference; includeInIndex = 1; lastKnownFileType = text.xcconfig; name = "Pods-WeexVueApp.debug.xcconfig"; path = "Pods/Target Support Files/Pods-WeexVueApp/Pods-WeexVueApp.debug.xcconfig"; sourceTree = "<group>"; };
		1793A0A41E1268490023554F /* WeexVueApp.app */ = {isa = PBXFileReference; explicitFileType = wrapper.application; includeInIndex = 0; path = WeexVueApp.app; sourceTree = BUILT_PRODUCTS_DIR; };
		1793A0A81E1268490023554F /* main.m */ = {isa = PBXFileReference; lastKnownFileType = sourcecode.c.objc; path = main.m; sourceTree = "<group>"; };
		1793A0AA1E1268490023554F /* AppDelegate.h */ = {isa = PBXFileReference; lastKnownFileType = sourcecode.c.h; path = AppDelegate.h; sourceTree = "<group>"; };
		1793A0AB1E1268490023554F /* AppDelegate.m */ = {isa = PBXFileReference; lastKnownFileType = sourcecode.c.objc; path = AppDelegate.m; sourceTree = "<group>"; };
		1793A0AD1E1268490023554F /* ViewController.h */ = {isa = PBXFileReference; lastKnownFileType = sourcecode.c.h; path = ViewController.h; sourceTree = "<group>"; };
		1793A0AE1E1268490023554F /* ViewController.m */ = {isa = PBXFileReference; lastKnownFileType = sourcecode.c.objc; path = ViewController.m; sourceTree = "<group>"; };
		1793A0B11E1268490023554F /* Base */ = {isa = PBXFileReference; lastKnownFileType = file.storyboard; name = Base; path = Base.lproj/Main.storyboard; sourceTree = "<group>"; };
		1793A0B31E1268490023554F /* Assets.xcassets */ = {isa = PBXFileReference; lastKnownFileType = folder.assetcatalog; path = Assets.xcassets; sourceTree = "<group>"; };
		1793A0B61E1268490023554F /* Base */ = {isa = PBXFileReference; lastKnownFileType = file.storyboard; name = Base; path = Base.lproj/LaunchScreen.storyboard; sourceTree = "<group>"; };
		1793A0B81E1268490023554F /* Info.plist */ = {isa = PBXFileReference; lastKnownFileType = text.plist.xml; path = Info.plist; sourceTree = "<group>"; };
		1793A0BD1E1268490023554F /* WeexVueAppTests.xctest */ = {isa = PBXFileReference; explicitFileType = wrapper.cfbundle; includeInIndex = 0; path = WeexVueAppTests.xctest; sourceTree = BUILT_PRODUCTS_DIR; };
		1793A0C11E1268490023554F /* WeexVueAppTests.m */ = {isa = PBXFileReference; lastKnownFileType = sourcecode.c.objc; path = WeexVueAppTests.m; sourceTree = "<group>"; };
		1793A0C31E1268490023554F /* Info.plist */ = {isa = PBXFileReference; lastKnownFileType = text.plist.xml; path = Info.plist; sourceTree = "<group>"; };
		1793A0C81E1268490023554F /* WeexVueAppUITests.xctest */ = {isa = PBXFileReference; explicitFileType = wrapper.cfbundle; includeInIndex = 0; path = WeexVueAppUITests.xctest; sourceTree = BUILT_PRODUCTS_DIR; };
		1793A0CC1E1268490023554F /* WeexVueAppUITests.m */ = {isa = PBXFileReference; lastKnownFileType = sourcecode.c.objc; path = WeexVueAppUITests.m; sourceTree = "<group>"; };
		1793A0CE1E1268490023554F /* Info.plist */ = {isa = PBXFileReference; lastKnownFileType = text.plist.xml; path = Info.plist; sourceTree = "<group>"; };
		1793A0DA1E126CC90023554F /* WXImgLoaderDefaultImpl.h */ = {isa = PBXFileReference; lastKnownFileType = sourcecode.c.h; path = WXImgLoaderDefaultImpl.h; sourceTree = "<group>"; };
		1793A0DD1E126DAC0023554F /* WXImgLoaderDefaultImpl.m */ = {isa = PBXFileReference; fileEncoding = 4; lastKnownFileType = sourcecode.c.objc; path = WXImgLoaderDefaultImpl.m; sourceTree = "<group>"; };
		1793A0DF1E126E010023554F /* WXEventModule.h */ = {isa = PBXFileReference; lastKnownFileType = sourcecode.c.h; path = WXEventModule.h; sourceTree = "<group>"; };
		1793A0E01E126E120023554F /* WXEventModule.m */ = {isa = PBXFileReference; fileEncoding = 4; lastKnownFileType = sourcecode.c.objc; path = WXEventModule.m; sourceTree = "<group>"; };
		1793A0E21E126E9F0023554F /* AppDefine.h */ = {isa = PBXFileReference; lastKnownFileType = sourcecode.c.h; path = AppDefine.h; sourceTree = "<group>"; };
		271C96930E4850DA4182A2FE /* libPods-WeexVueAppUITests.a */ = {isa = PBXFileReference; explicitFileType = archive.ar; includeInIndex = 0; path = "libPods-WeexVueAppUITests.a"; sourceTree = BUILT_PRODUCTS_DIR; };
		4EBBAF35E17F2FEDE96132A5 /* Pods-WeexVueApp.release.xcconfig */ = {isa = PBXFileReference; includeInIndex = 1; lastKnownFileType = text.xcconfig; name = "Pods-WeexVueApp.release.xcconfig"; path = "Pods/Target Support Files/Pods-WeexVueApp/Pods-WeexVueApp.release.xcconfig"; sourceTree = "<group>"; };
		64B03560F802EB3EE5590BF9 /* Pods-WeexVueAppUITests.debug.xcconfig */ = {isa = PBXFileReference; includeInIndex = 1; lastKnownFileType = text.xcconfig; name = "Pods-WeexVueAppUITests.debug.xcconfig"; path = "Pods/Target Support Files/Pods-WeexVueAppUITests/Pods-WeexVueAppUITests.debug.xcconfig"; sourceTree = "<group>"; };
		7169768D84A5BD8FDDAA5B54 /* Pods-WeexVueAppUITests.release.xcconfig */ = {isa = PBXFileReference; includeInIndex = 1; lastKnownFileType = text.xcconfig; name = "Pods-WeexVueAppUITests.release.xcconfig"; path = "Pods/Target Support Files/Pods-WeexVueAppUITests/Pods-WeexVueAppUITests.release.xcconfig"; sourceTree = "<group>"; };
		8F6C382F627B0CA66B8E23E3 /* libPods-WeexVueApp.a */ = {isa = PBXFileReference; explicitFileType = archive.ar; includeInIndex = 0; path = "libPods-WeexVueApp.a"; sourceTree = BUILT_PRODUCTS_DIR; };
/* End PBXFileReference section */

/* Begin PBXFrameworksBuildPhase section */
		1793A0A11E1268480023554F /* Frameworks */ = {
			isa = PBXFrameworksBuildPhase;
			buildActionMask = 2147483647;
			files = (
				8C83609BB286C4FCD5175315 /* libPods-WeexVueApp.a in Frameworks */,
			);
			runOnlyForDeploymentPostprocessing = 0;
		};
		1793A0BA1E1268490023554F /* Frameworks */ = {
			isa = PBXFrameworksBuildPhase;
			buildActionMask = 2147483647;
			files = (
			);
			runOnlyForDeploymentPostprocessing = 0;
		};
		1793A0C51E1268490023554F /* Frameworks */ = {
			isa = PBXFrameworksBuildPhase;
			buildActionMask = 2147483647;
			files = (
				CA0F874B7E0A924AD3A25578 /* libPods-WeexVueAppUITests.a in Frameworks */,
			);
			runOnlyForDeploymentPostprocessing = 0;
		};
/* End PBXFrameworksBuildPhase section */

/* Begin PBXGroup section */
		0DB22AAFE9F28CA32110A05D /* Frameworks */ = {
			isa = PBXGroup;
			children = (
				8F6C382F627B0CA66B8E23E3 /* libPods-WeexVueApp.a */,
				271C96930E4850DA4182A2FE /* libPods-WeexVueAppUITests.a */,
			);
			name = Frameworks;
			sourceTree = "<group>";
		};
		1793A09B1E1268480023554F = {
			isa = PBXGroup;
			children = (
				1793A0E31E12711B0023554F /* assets */,
				1793A0A61E1268490023554F /* WeexVueApp */,
				1793A0C01E1268490023554F /* WeexVueAppTests */,
				1793A0CB1E1268490023554F /* WeexVueAppUITests */,
				1793A0A51E1268490023554F /* Products */,
				68FC11A9A788CFC75A3014CC /* Pods */,
				0DB22AAFE9F28CA32110A05D /* Frameworks */,
			);
			sourceTree = "<group>";
		};
		1793A0A51E1268490023554F /* Products */ = {
			isa = PBXGroup;
			children = (
				1793A0A41E1268490023554F /* WeexVueApp.app */,
				1793A0BD1E1268490023554F /* WeexVueAppTests.xctest */,
				1793A0C81E1268490023554F /* WeexVueAppUITests.xctest */,
			);
			name = Products;
			sourceTree = "<group>";
		};
		1793A0A61E1268490023554F /* WeexVueApp */ = {
			isa = PBXGroup;
			children = (
				1793A0AA1E1268490023554F /* AppDelegate.h */,
				1793A0AB1E1268490023554F /* AppDelegate.m */,
				1793A0AD1E1268490023554F /* ViewController.h */,
				1793A0AE1E1268490023554F /* ViewController.m */,
				1793A0B01E1268490023554F /* Main.storyboard */,
				1793A0B31E1268490023554F /* Assets.xcassets */,
				1793A0B51E1268490023554F /* LaunchScreen.storyboard */,
				1793A0B81E1268490023554F /* Info.plist */,
				1793A0A71E1268490023554F /* Supporting Files */,
				1793A0DA1E126CC90023554F /* WXImgLoaderDefaultImpl.h */,
				1793A0DD1E126DAC0023554F /* WXImgLoaderDefaultImpl.m */,
				1793A0DF1E126E010023554F /* WXEventModule.h */,
				1793A0E01E126E120023554F /* WXEventModule.m */,
				1793A0E21E126E9F0023554F /* AppDefine.h */,
			);
			path = WeexVueApp;
			sourceTree = "<group>";
		};
		1793A0A71E1268490023554F /* Supporting Files */ = {
			isa = PBXGroup;
			children = (
				1793A0A81E1268490023554F /* main.m */,
			);
			name = "Supporting Files";
			sourceTree = "<group>";
		};
		1793A0C01E1268490023554F /* WeexVueAppTests */ = {
			isa = PBXGroup;
			children = (
				1793A0C11E1268490023554F /* WeexVueAppTests.m */,
				1793A0C31E1268490023554F /* Info.plist */,
			);
			path = WeexVueAppTests;
			sourceTree = "<group>";
		};
		1793A0CB1E1268490023554F /* WeexVueAppUITests */ = {
			isa = PBXGroup;
			children = (
				1793A0CC1E1268490023554F /* WeexVueAppUITests.m */,
				1793A0CE1E1268490023554F /* Info.plist */,
			);
			path = WeexVueAppUITests;
			sourceTree = "<group>";
		};
		1793A0E31E12711B0023554F /* assets */ = {
			isa = PBXGroup;
			children = (
			);
			name = assets;
			sourceTree = "<group>";
		};
		68FC11A9A788CFC75A3014CC /* Pods */ = {
			isa = PBXGroup;
			children = (
				081DEDCA65FE6A31A15223E9 /* Pods-WeexVueApp.debug.xcconfig */,
				4EBBAF35E17F2FEDE96132A5 /* Pods-WeexVueApp.release.xcconfig */,
				64B03560F802EB3EE5590BF9 /* Pods-WeexVueAppUITests.debug.xcconfig */,
				7169768D84A5BD8FDDAA5B54 /* Pods-WeexVueAppUITests.release.xcconfig */,
			);
			name = Pods;
			sourceTree = "<group>";
		};
/* End PBXGroup section */

/* Begin PBXNativeTarget section */
		1793A0A31E1268480023554F /* WeexVueApp */ = {
			isa = PBXNativeTarget;
			buildConfigurationList = 1793A0D11E1268490023554F /* Build configuration list for PBXNativeTarget "WeexVueApp" */;
			buildPhases = (
				B6E009F15503AB5935A60C34 /* 📦 Check Pods Manifest.lock */,
				1793A0A01E1268480023554F /* Sources */,
				1793A0A11E1268480023554F /* Frameworks */,
				1793A0A21E1268480023554F /* Resources */,
				7151DFC5785DEDCA330AC396 /* 📦 Embed Pods Frameworks */,
				9F001F74192BC9712640240D /* 📦 Copy Pods Resources */,
			);
			buildRules = (
			);
			dependencies = (
			);
			name = WeexVueApp;
			productName = WeexVueApp;
			productReference = 1793A0A41E1268490023554F /* WeexVueApp.app */;
			productType = "com.apple.product-type.application";
		};
		1793A0BC1E1268490023554F /* WeexVueAppTests */ = {
			isa = PBXNativeTarget;
			buildConfigurationList = 1793A0D41E1268490023554F /* Build configuration list for PBXNativeTarget "WeexVueAppTests" */;
			buildPhases = (
				1793A0B91E1268490023554F /* Sources */,
				1793A0BA1E1268490023554F /* Frameworks */,
				1793A0BB1E1268490023554F /* Resources */,
			);
			buildRules = (
			);
			dependencies = (
				1793A0BF1E1268490023554F /* PBXTargetDependency */,
			);
			name = WeexVueAppTests;
			productName = WeexVueAppTests;
			productReference = 1793A0BD1E1268490023554F /* WeexVueAppTests.xctest */;
			productType = "com.apple.product-type.bundle.unit-test";
		};
		1793A0C71E1268490023554F /* WeexVueAppUITests */ = {
			isa = PBXNativeTarget;
			buildConfigurationList = 1793A0D71E1268490023554F /* Build configuration list for PBXNativeTarget "WeexVueAppUITests" */;
			buildPhases = (
				46B2C4D587D9649ABF927DB3 /* 📦 Check Pods Manifest.lock */,
				1793A0C41E1268490023554F /* Sources */,
				1793A0C51E1268490023554F /* Frameworks */,
				1793A0C61E1268490023554F /* Resources */,
				E0F98C2CA602407954335660 /* 📦 Copy Pods Resources */,
			);
			buildRules = (
			);
			dependencies = (
				1793A0CA1E1268490023554F /* PBXTargetDependency */,
			);
			name = WeexVueAppUITests;
			productName = WeexVueAppUITests;
			productReference = 1793A0C81E1268490023554F /* WeexVueAppUITests.xctest */;
			productType = "com.apple.product-type.bundle.ui-testing";
		};
/* End PBXNativeTarget section */

/* Begin PBXProject section */
		1793A09C1E1268480023554F /* Project object */ = {
			isa = PBXProject;
			attributes = {
				LastUpgradeCheck = 0820;
				ORGANIZATIONNAME = Weex;
				TargetAttributes = {
					1793A0A31E1268480023554F = {
						CreatedOnToolsVersion = 8.2.1;
						ProvisioningStyle = Automatic;
					};
					1793A0BC1E1268490023554F = {
						CreatedOnToolsVersion = 8.2.1;
						ProvisioningStyle = Automatic;
						TestTargetID = 1793A0A31E1268480023554F;
					};
					1793A0C71E1268490023554F = {
						CreatedOnToolsVersion = 8.2.1;
						ProvisioningStyle = Automatic;
						TestTargetID = 1793A0A31E1268480023554F;
					};
				};
			};
			buildConfigurationList = 1793A09F1E1268480023554F /* Build configuration list for PBXProject "WeexVueApp" */;
			compatibilityVersion = "Xcode 3.2";
			developmentRegion = English;
			hasScannedForEncodings = 0;
			knownRegions = (
				en,
				Base,
			);
			mainGroup = 1793A09B1E1268480023554F;
			productRefGroup = 1793A0A51E1268490023554F /* Products */;
			projectDirPath = "";
			projectRoot = "";
			targets = (
				1793A0A31E1268480023554F /* WeexVueApp */,
				1793A0BC1E1268490023554F /* WeexVueAppTests */,
				1793A0C71E1268490023554F /* WeexVueAppUITests */,
			);
		};
/* End PBXProject section */

/* Begin PBXResourcesBuildPhase section */
		1793A0A21E1268480023554F /* Resources */ = {
			isa = PBXResourcesBuildPhase;
			buildActionMask = 2147483647;
			files = (
				1793A0B71E1268490023554F /* LaunchScreen.storyboard in Resources */,
				1793A0B41E1268490023554F /* Assets.xcassets in Resources */,
				1793A0B21E1268490023554F /* Main.storyboard in Resources */,
			);
			runOnlyForDeploymentPostprocessing = 0;
		};
		1793A0BB1E1268490023554F /* Resources */ = {
			isa = PBXResourcesBuildPhase;
			buildActionMask = 2147483647;
			files = (
			);
			runOnlyForDeploymentPostprocessing = 0;
		};
		1793A0C61E1268490023554F /* Resources */ = {
			isa = PBXResourcesBuildPhase;
			buildActionMask = 2147483647;
			files = (
			);
			runOnlyForDeploymentPostprocessing = 0;
		};
/* End PBXResourcesBuildPhase section */

/* Begin PBXShellScriptBuildPhase section */
		46B2C4D587D9649ABF927DB3 /* 📦 Check Pods Manifest.lock */ = {
			isa = PBXShellScriptBuildPhase;
			buildActionMask = 2147483647;
			files = (
			);
			inputPaths = (
			);
			name = "📦 Check Pods Manifest.lock";
			outputPaths = (
			);
			runOnlyForDeploymentPostprocessing = 0;
			shellPath = /bin/sh;
			shellScript = "diff \"${PODS_ROOT}/../Podfile.lock\" \"${PODS_ROOT}/Manifest.lock\" > /dev/null\nif [[ $? != 0 ]] ; then\n    cat << EOM\nerror: The sandbox is not in sync with the Podfile.lock. Run 'pod install' or update your CocoaPods installation.\nEOM\n    exit 1\nfi\n";
			showEnvVarsInLog = 0;
		};
		7151DFC5785DEDCA330AC396 /* 📦 Embed Pods Frameworks */ = {
			isa = PBXShellScriptBuildPhase;
			buildActionMask = 2147483647;
			files = (
			);
			inputPaths = (
			);
			name = "📦 Embed Pods Frameworks";
			outputPaths = (
			);
			runOnlyForDeploymentPostprocessing = 0;
			shellPath = /bin/sh;
			shellScript = "\"${SRCROOT}/Pods/Target Support Files/Pods-WeexVueApp/Pods-WeexVueApp-frameworks.sh\"\n";
			showEnvVarsInLog = 0;
		};
		9F001F74192BC9712640240D /* 📦 Copy Pods Resources */ = {
			isa = PBXShellScriptBuildPhase;
			buildActionMask = 2147483647;
			files = (
			);
			inputPaths = (
			);
			name = "📦 Copy Pods Resources";
			outputPaths = (
			);
			runOnlyForDeploymentPostprocessing = 0;
			shellPath = /bin/sh;
			shellScript = "\"${SRCROOT}/Pods/Target Support Files/Pods-WeexVueApp/Pods-WeexVueApp-resources.sh\"\n";
			showEnvVarsInLog = 0;
		};
		B6E009F15503AB5935A60C34 /* 📦 Check Pods Manifest.lock */ = {
			isa = PBXShellScriptBuildPhase;
			buildActionMask = 2147483647;
			files = (
			);
			inputPaths = (
			);
			name = "📦 Check Pods Manifest.lock";
			outputPaths = (
			);
			runOnlyForDeploymentPostprocessing = 0;
			shellPath = /bin/sh;
			shellScript = "diff \"${PODS_ROOT}/../Podfile.lock\" \"${PODS_ROOT}/Manifest.lock\" > /dev/null\nif [[ $? != 0 ]] ; then\n    cat << EOM\nerror: The sandbox is not in sync with the Podfile.lock. Run 'pod install' or update your CocoaPods installation.\nEOM\n    exit 1\nfi\n";
			showEnvVarsInLog = 0;
		};
		E0F98C2CA602407954335660 /* 📦 Copy Pods Resources */ = {
			isa = PBXShellScriptBuildPhase;
			buildActionMask = 2147483647;
			files = (
			);
			inputPaths = (
			);
			name = "📦 Copy Pods Resources";
			outputPaths = (
			);
			runOnlyForDeploymentPostprocessing = 0;
			shellPath = /bin/sh;
			shellScript = "\"${SRCROOT}/Pods/Target Support Files/Pods-WeexVueAppUITests/Pods-WeexVueAppUITests-resources.sh\"\n";
			showEnvVarsInLog = 0;
		};
/* End PBXShellScriptBuildPhase section */

/* Begin PBXSourcesBuildPhase section */
		1793A0A01E1268480023554F /* Sources */ = {
			isa = PBXSourcesBuildPhase;
			buildActionMask = 2147483647;
			files = (
				1793A0E11E126E120023554F /* WXEventModule.m in Sources */,
				1793A0AF1E1268490023554F /* ViewController.m in Sources */,
				1793A0DE1E126DAC0023554F /* WXImgLoaderDefaultImpl.m in Sources */,
				1793A0AC1E1268490023554F /* AppDelegate.m in Sources */,
				1793A0A91E1268490023554F /* main.m in Sources */,
			);
			runOnlyForDeploymentPostprocessing = 0;
		};
		1793A0B91E1268490023554F /* Sources */ = {
			isa = PBXSourcesBuildPhase;
			buildActionMask = 2147483647;
			files = (
				1793A0C21E1268490023554F /* WeexVueAppTests.m in Sources */,
			);
			runOnlyForDeploymentPostprocessing = 0;
		};
		1793A0C41E1268490023554F /* Sources */ = {
			isa = PBXSourcesBuildPhase;
			buildActionMask = 2147483647;
			files = (
				1793A0CD1E1268490023554F /* WeexVueAppUITests.m in Sources */,
			);
			runOnlyForDeploymentPostprocessing = 0;
		};
/* End PBXSourcesBuildPhase section */

/* Begin PBXTargetDependency section */
		1793A0BF1E1268490023554F /* PBXTargetDependency */ = {
			isa = PBXTargetDependency;
			target = 1793A0A31E1268480023554F /* WeexVueApp */;
			targetProxy = 1793A0BE1E1268490023554F /* PBXContainerItemProxy */;
		};
		1793A0CA1E1268490023554F /* PBXTargetDependency */ = {
			isa = PBXTargetDependency;
			target = 1793A0A31E1268480023554F /* WeexVueApp */;
			targetProxy = 1793A0C91E1268490023554F /* PBXContainerItemProxy */;
		};
/* End PBXTargetDependency section */

/* Begin PBXVariantGroup section */
		1793A0B01E1268490023554F /* Main.storyboard */ = {
			isa = PBXVariantGroup;
			children = (
				1793A0B11E1268490023554F /* Base */,
			);
			name = Main.storyboard;
			sourceTree = "<group>";
		};
		1793A0B51E1268490023554F /* LaunchScreen.storyboard */ = {
			isa = PBXVariantGroup;
			children = (
				1793A0B61E1268490023554F /* Base */,
			);
			name = LaunchScreen.storyboard;
			sourceTree = "<group>";
		};
/* End PBXVariantGroup section */

/* Begin XCBuildConfiguration section */
		1793A0CF1E1268490023554F /* Debug */ = {
			isa = XCBuildConfiguration;
			buildSettings = {
				ALWAYS_SEARCH_USER_PATHS = NO;
				CLANG_ANALYZER_NONNULL = YES;
				CLANG_CXX_LANGUAGE_STANDARD = "gnu++0x";
				CLANG_CXX_LIBRARY = "libc++";
				CLANG_ENABLE_MODULES = YES;
				CLANG_ENABLE_OBJC_ARC = YES;
				CLANG_WARN_BOOL_CONVERSION = YES;
				CLANG_WARN_CONSTANT_CONVERSION = YES;
				CLANG_WARN_DIRECT_OBJC_ISA_USAGE = YES_ERROR;
				CLANG_WARN_DOCUMENTATION_COMMENTS = YES;
				CLANG_WARN_EMPTY_BODY = YES;
				CLANG_WARN_ENUM_CONVERSION = YES;
				CLANG_WARN_INFINITE_RECURSION = YES;
				CLANG_WARN_INT_CONVERSION = YES;
				CLANG_WARN_OBJC_ROOT_CLASS = YES_ERROR;
				CLANG_WARN_SUSPICIOUS_MOVE = YES;
				CLANG_WARN_UNREACHABLE_CODE = YES;
				CLANG_WARN__DUPLICATE_METHOD_MATCH = YES;
				"CODE_SIGN_IDENTITY[sdk=iphoneos*]" = "iPhone Developer";
				COPY_PHASE_STRIP = NO;
				DEBUG_INFORMATION_FORMAT = dwarf;
				ENABLE_STRICT_OBJC_MSGSEND = YES;
				ENABLE_TESTABILITY = YES;
				GCC_C_LANGUAGE_STANDARD = gnu99;
				GCC_DYNAMIC_NO_PIC = NO;
				GCC_NO_COMMON_BLOCKS = YES;
				GCC_OPTIMIZATION_LEVEL = 0;
				GCC_PREPROCESSOR_DEFINITIONS = (
					"DEBUG=1",
					"$(inherited)",
				);
				GCC_WARN_64_TO_32_BIT_CONVERSION = YES;
				GCC_WARN_ABOUT_RETURN_TYPE = YES_ERROR;
				GCC_WARN_UNDECLARED_SELECTOR = YES;
				GCC_WARN_UNINITIALIZED_AUTOS = YES_AGGRESSIVE;
				GCC_WARN_UNUSED_FUNCTION = YES;
				GCC_WARN_UNUSED_VARIABLE = YES;
				IPHONEOS_DEPLOYMENT_TARGET = 10.2;
				MTL_ENABLE_DEBUG_INFO = YES;
				ONLY_ACTIVE_ARCH = YES;
				SDKROOT = iphoneos;
				TARGETED_DEVICE_FAMILY = "1,2";
			};
			name = Debug;
		};
		1793A0D01E1268490023554F /* Release */ = {
			isa = XCBuildConfiguration;
			buildSettings = {
				ALWAYS_SEARCH_USER_PATHS = NO;
				CLANG_ANALYZER_NONNULL = YES;
				CLANG_CXX_LANGUAGE_STANDARD = "gnu++0x";
				CLANG_CXX_LIBRARY = "libc++";
				CLANG_ENABLE_MODULES = YES;
				CLANG_ENABLE_OBJC_ARC = YES;
				CLANG_WARN_BOOL_CONVERSION = YES;
				CLANG_WARN_CONSTANT_CONVERSION = YES;
				CLANG_WARN_DIRECT_OBJC_ISA_USAGE = YES_ERROR;
				CLANG_WARN_DOCUMENTATION_COMMENTS = YES;
				CLANG_WARN_EMPTY_BODY = YES;
				CLANG_WARN_ENUM_CONVERSION = YES;
				CLANG_WARN_INFINITE_RECURSION = YES;
				CLANG_WARN_INT_CONVERSION = YES;
				CLANG_WARN_OBJC_ROOT_CLASS = YES_ERROR;
				CLANG_WARN_SUSPICIOUS_MOVE = YES;
				CLANG_WARN_UNREACHABLE_CODE = YES;
				CLANG_WARN__DUPLICATE_METHOD_MATCH = YES;
				"CODE_SIGN_IDENTITY[sdk=iphoneos*]" = "iPhone Developer";
				COPY_PHASE_STRIP = NO;
				DEBUG_INFORMATION_FORMAT = "dwarf-with-dsym";
				ENABLE_NS_ASSERTIONS = NO;
				ENABLE_STRICT_OBJC_MSGSEND = YES;
				GCC_C_LANGUAGE_STANDARD = gnu99;
				GCC_NO_COMMON_BLOCKS = YES;
				GCC_WARN_64_TO_32_BIT_CONVERSION = YES;
				GCC_WARN_ABOUT_RETURN_TYPE = YES_ERROR;
				GCC_WARN_UNDECLARED_SELECTOR = YES;
				GCC_WARN_UNINITIALIZED_AUTOS = YES_AGGRESSIVE;
				GCC_WARN_UNUSED_FUNCTION = YES;
				GCC_WARN_UNUSED_VARIABLE = YES;
				IPHONEOS_DEPLOYMENT_TARGET = 10.2;
				MTL_ENABLE_DEBUG_INFO = NO;
				SDKROOT = iphoneos;
				TARGETED_DEVICE_FAMILY = "1,2";
				VALIDATE_PRODUCT = YES;
			};
			name = Release;
		};
		1793A0D21E1268490023554F /* Debug */ = {
			isa = XCBuildConfiguration;
			baseConfigurationReference = 081DEDCA65FE6A31A15223E9 /* Pods-WeexVueApp.debug.xcconfig */;
			buildSettings = {
				ASSETCATALOG_COMPILER_APPICON_NAME = AppIcon;
				INFOPLIST_FILE = WeexVueApp/Info.plist;
				LD_RUNPATH_SEARCH_PATHS = "$(inherited) @executable_path/Frameworks";
				PRODUCT_BUNDLE_IDENTIFIER = com.examples.WeexVueApp;
				PRODUCT_NAME = "$(TARGET_NAME)";
			};
			name = Debug;
		};
		1793A0D31E1268490023554F /* Release */ = {
			isa = XCBuildConfiguration;
			baseConfigurationReference = 4EBBAF35E17F2FEDE96132A5 /* Pods-WeexVueApp.release.xcconfig */;
			buildSettings = {
				ASSETCATALOG_COMPILER_APPICON_NAME = AppIcon;
				INFOPLIST_FILE = WeexVueApp/Info.plist;
				LD_RUNPATH_SEARCH_PATHS = "$(inherited) @executable_path/Frameworks";
				PRODUCT_BUNDLE_IDENTIFIER = com.examples.WeexVueApp;
				PRODUCT_NAME = "$(TARGET_NAME)";
			};
			name = Release;
		};
		1793A0D51E1268490023554F /* Debug */ = {
			isa = XCBuildConfiguration;
			buildSettings = {
				BUNDLE_LOADER = "$(TEST_HOST)";
				INFOPLIST_FILE = WeexVueAppTests/Info.plist;
				LD_RUNPATH_SEARCH_PATHS = "$(inherited) @executable_path/Frameworks @loader_path/Frameworks";
				PRODUCT_BUNDLE_IDENTIFIER = com.examples.WeexVueAppTests;
				PRODUCT_NAME = "$(TARGET_NAME)";
				TEST_HOST = "$(BUILT_PRODUCTS_DIR)/WeexVueApp.app/WeexVueApp";
			};
			name = Debug;
		};
		1793A0D61E1268490023554F /* Release */ = {
			isa = XCBuildConfiguration;
			buildSettings = {
				BUNDLE_LOADER = "$(TEST_HOST)";
				INFOPLIST_FILE = WeexVueAppTests/Info.plist;
				LD_RUNPATH_SEARCH_PATHS = "$(inherited) @executable_path/Frameworks @loader_path/Frameworks";
				PRODUCT_BUNDLE_IDENTIFIER = com.examples.WeexVueAppTests;
				PRODUCT_NAME = "$(TARGET_NAME)";
				TEST_HOST = "$(BUILT_PRODUCTS_DIR)/WeexVueApp.app/WeexVueApp";
			};
			name = Release;
		};
		1793A0D81E1268490023554F /* Debug */ = {
			isa = XCBuildConfiguration;
			baseConfigurationReference = 64B03560F802EB3EE5590BF9 /* Pods-WeexVueAppUITests.debug.xcconfig */;
			buildSettings = {
				INFOPLIST_FILE = WeexVueAppUITests/Info.plist;
				LD_RUNPATH_SEARCH_PATHS = "$(inherited) @executable_path/Frameworks @loader_path/Frameworks";
				PRODUCT_BUNDLE_IDENTIFIER = com.examples.WeexVueAppUITests;
				PRODUCT_NAME = "$(TARGET_NAME)";
				TEST_TARGET_NAME = WeexVueApp;
			};
			name = Debug;
		};
		1793A0D91E1268490023554F /* Release */ = {
			isa = XCBuildConfiguration;
			baseConfigurationReference = 7169768D84A5BD8FDDAA5B54 /* Pods-WeexVueAppUITests.release.xcconfig */;
			buildSettings = {
				INFOPLIST_FILE = WeexVueAppUITests/Info.plist;
				LD_RUNPATH_SEARCH_PATHS = "$(inherited) @executable_path/Frameworks @loader_path/Frameworks";
				PRODUCT_BUNDLE_IDENTIFIER = com.examples.WeexVueAppUITests;
				PRODUCT_NAME = "$(TARGET_NAME)";
				TEST_TARGET_NAME = WeexVueApp;
			};
			name = Release;
		};
/* End XCBuildConfiguration section */

/* Begin XCConfigurationList section */
		1793A09F1E1268480023554F /* Build configuration list for PBXProject "WeexVueApp" */ = {
			isa = XCConfigurationList;
			buildConfigurations = (
				1793A0CF1E1268490023554F /* Debug */,
				1793A0D01E1268490023554F /* Release */,
			);
			defaultConfigurationIsVisible = 0;
			defaultConfigurationName = Release;
		};
		1793A0D11E1268490023554F /* Build configuration list for PBXNativeTarget "WeexVueApp" */ = {
			isa = XCConfigurationList;
			buildConfigurations = (
				1793A0D21E1268490023554F /* Debug */,
				1793A0D31E1268490023554F /* Release */,
			);
			defaultConfigurationIsVisible = 0;
			defaultConfigurationName = Release;
		};
		1793A0D41E1268490023554F /* Build configuration list for PBXNativeTarget "WeexVueAppTests" */ = {
			isa = XCConfigurationList;
			buildConfigurations = (
				1793A0D51E1268490023554F /* Debug */,
				1793A0D61E1268490023554F /* Release */,
			);
			defaultConfigurationIsVisible = 0;
			defaultConfigurationName = Release;
		};
		1793A0D71E1268490023554F /* Build configuration list for PBXNativeTarget "WeexVueAppUITests" */ = {
			isa = XCConfigurationList;
			buildConfigurations = (
				1793A0D81E1268490023554F /* Debug */,
				1793A0D91E1268490023554F /* Release */,
			);
			defaultConfigurationIsVisible = 0;
			defaultConfigurationName = Release;
		};
/* End XCConfigurationList section */
	};
	rootObject = 1793A09C1E1268480023554F /* Project object */;
}
